
Microsoft Visual Studio Solution File, Format Version 12.00
# Blend for Visual Studio 14
VisualStudioVersion = 14.0.25420.1
MinimumVisualStudioVersion = 10.0.40219.1
Project("{FAE04EC0-301F-11D3-BF4B-00C04F79EFBC}") = "Login", "Login\Login.csproj", "{671FF702-BEC0-44AE-9A8D-00A3E14205EC}"
EndProject
Project("{FAE04EC0-301F-11D3-BF4B-00C04F79EFBC}") = "Sign up", "WpfApplication3\Sign up.csproj", "{02FB330F-51EC-418C-88DA-B30F4E1AFF88}"
EndProject
Global
	GlobalSection(SolutionConfigurationPlatforms) = preSolution
		Debug|Any CPU = Debug|Any CPU
		Release|Any CPU = Release|Any CPU
	EndGlobalSection
	GlobalSection(ProjectConfigurationPlatforms) = postSolution
		{671FF702-BEC0-44AE-9A8D-00A3E14205EC}.Debug|Any CPU.ActiveCfg = Debug|Any CPU
		{671FF702-BEC0-44AE-9A8D-00A3E14205EC}.Debug|Any CPU.Build.0 = Debug|Any CPU
		{671FF702-BEC0-44AE-9A8D-00A3E14205EC}.Release|Any CPU.ActiveCfg = Release|Any CPU
		{671FF702-BEC0-44AE-9A8D-00A3E14205EC}.Release|Any CPU.Build.0 = Release|Any CPU
		{02FB330F-51EC-418C-88DA-B30F4E1AFF88}.Debug|Any CPU.ActiveCfg = Debug|Any CPU
		{02FB330F-51EC-418C-88DA-B30F4E1AFF88}.Debug|Any CPU.Build.0 = Debug|Any CPU
		{02FB330F-51EC-418C-88DA-B30F4E1AFF88}.Release|Any CPU.ActiveCfg = Release|Any CPU
		{02FB330F-51EC-418C-88DA-B30F4E1AFF88}.Release|Any CPU.Build.0 = Release|Any CPU
	EndGlobalSection
	GlobalSection(SolutionProperties) = preSolution
		HideSolutionNode = FALSE
	EndGlobalSection
EndGlobal
